
Microsoft Visual Studio Solution File, Format Version 12.00
# Visual Studio Version 17
VisualStudioVersion = 17.5.33627.172
MinimumVisualStudioVersion = 10.0.40219.1
Project("{FAE04EC0-301F-11D3-BF4B-00C04F79EFBC}") = "NumberSystems", "NumberSystems\NumberSystems.csproj", "{837EAEC5-D9C5-45BE-B399-B3F942465AE5}"
EndProject
Project("{FAE04EC0-301F-11D3-BF4B-00C04F79EFBC}") = "NumberSystemTests", "NumberSystemTests\NumberSystemTests.csproj", "{0D1A8588-0614-4C52-82EF-46BA8271BECE}"
EndProject
Global
	GlobalSection(SolutionConfigurationPlatforms) = preSolution
		Debug|Any CPU = Debug|Any CPU
		Release|Any CPU = Release|Any CPU
	EndGlobalSection
	GlobalSection(ProjectConfigurationPlatforms) = postSolution
		{837EAEC5-D9C5-45BE-B399-B3F942465AE5}.Debug|Any CPU.ActiveCfg = Debug|Any CPU
		{837EAEC5-D9C5-45BE-B399-B3F942465AE5}.Debug|Any CPU.Build.0 = Debug|Any CPU
		{837EAEC5-D9C5-45BE-B399-B3F942465AE5}.Release|Any CPU.ActiveCfg = Release|Any CPU
		{837EAEC5-D9C5-45BE-B399-B3F942465AE5}.Release|Any CPU.Build.0 = Release|Any CPU
		{0D1A8588-0614-4C52-82EF-46BA8271BECE}.Debug|Any CPU.ActiveCfg = Debug|Any CPU
		{0D1A8588-0614-4C52-82EF-46BA8271BECE}.Debug|Any CPU.Build.0 = Debug|Any CPU
		{0D1A8588-0614-4C52-82EF-46BA8271BECE}.Release|Any CPU.ActiveCfg = Release|Any CPU
		{0D1A8588-0614-4C52-82EF-46BA8271BECE}.Release|Any CPU.Build.0 = Release|Any CPU
	EndGlobalSection
	GlobalSection(SolutionProperties) = preSolution
		HideSolutionNode = FALSE
	EndGlobalSection
	GlobalSection(ExtensibilityGlobals) = postSolution
		SolutionGuid = {5C8C0E86-683D-457E-A2C4-1E3DF85A86DE}
	EndGlobalSection
EndGlobal
